
Microsoft Visual Studio Solution File, Format Version 12.00
# Visual Studio Version 17
VisualStudioVersion = 17.1.32210.238
MinimumVisualStudioVersion = 10.0.40219.1
Project("{FAE04EC0-301F-11D3-BF4B-00C04F79EFBC}") = "displayalerts.UWP", "displayalerts\displayalerts.UWP\displayalerts.UWP.csproj", "{A5A7BC0E-489A-49C8-8825-68BFD89F57F1}"
EndProject
Project("{FAE04EC0-301F-11D3-BF4B-00C04F79EFBC}") = "displayalerts.Android", "displayalerts\displayalerts.Android\displayalerts.Android.csproj", "{9B3C8B37-FB9F-466B-915D-F5E87BCA0EA6}"
EndProject
Project("{FAE04EC0-301F-11D3-BF4B-00C04F79EFBC}") = "displayalerts.iOS", "displayalerts\displayalerts.iOS\displayalerts.iOS.csproj", "{99D36B85-3A52-454F-9278-E43369F2493F}"
EndProject
Project("{FAE04EC0-301F-11D3-BF4B-00C04F79EFBC}") = "displayalerts", "displayalerts\displayalerts\displayalerts.csproj", "{615A214E-CACC-41AC-8097-73096AD90B77}"
EndProject
Global
	GlobalSection(SolutionConfigurationPlatforms) = preSolution
		Debug|Any CPU = Debug|Any CPU
		Debug|ARM = Debug|ARM
		Debug|iPhone = Debug|iPhone
		Debug|iPhoneSimulator = Debug|iPhoneSimulator
		Debug|x64 = Debug|x64
		Debug|x86 = Debug|x86
		Release|Any CPU = Release|Any CPU
		Release|ARM = Release|ARM
		Release|iPhone = Release|iPhone
		Release|iPhoneSimulator = Release|iPhoneSimulator
		Release|x64 = Release|x64
		Release|x86 = Release|x86
	EndGlobalSection
	GlobalSection(ProjectConfigurationPlatforms) = postSolution
		{A5A7BC0E-489A-49C8-8825-68BFD89F57F1}.Debug|Any CPU.ActiveCfg = Debug|x64
		{A5A7BC0E-489A-49C8-8825-68BFD89F57F1}.Debug|Any CPU.Build.0 = Debug|x64
		{A5A7BC0E-489A-49C8-8825-68BFD89F57F1}.Debug|Any CPU.Deploy.0 = Debug|x64
		{A5A7BC0E-489A-49C8-8825-68BFD89F57F1}.Debug|ARM.ActiveCfg = Debug|ARM
		{A5A7BC0E-489A-49C8-8825-68BFD89F57F1}.Debug|ARM.Build.0 = Debug|ARM
		{A5A7BC0E-489A-49C8-8825-68BFD89F57F1}.Debug|ARM.Deploy.0 = Debug|ARM
		{A5A7BC0E-489A-49C8-8825-68BFD89F57F1}.Debug|iPhone.ActiveCfg = Debug|x64
		{A5A7BC0E-489A-49C8-8825-68BFD89F57F1}.Debug|iPhone.Build.0 = Debug|x64
		{A5A7BC0E-489A-49C8-8825-68BFD89F57F1}.Debug|iPhone.Deploy.0 = Debug|x64
		{A5A7BC0E-489A-49C8-8825-68BFD89F57F1}.Debug|iPhoneSimulator.ActiveCfg = Debug|x64
		{A5A7BC0E-489A-49C8-8825-68BFD89F57F1}.Debug|iPhoneSimulator.Build.0 = Debug|x64
		{A5A7BC0E-489A-49C8-8825-68BFD89F57F1}.Debug|iPhoneSimulator.Deploy.0 = Debug|x64
		{A5A7BC0E-489A-49C8-8825-68BFD89F57F1}.Debug|x64.ActiveCfg = Debug|x64
		{A5A7BC0E-489A-49C8-8825-68BFD89F57F1}.Debug|x64.Build.0 = Debug|x64
		{A5A7BC0E-489A-49C8-8825-68BFD89F57F1}.Debug|x64.Deploy.0 = Debug|x64
		{A5A7BC0E-489A-49C8-8825-68BFD89F57F1}.Debug|x86.ActiveCfg = Debug|x86
		{A5A7BC0E-489A-49C8-8825-68BFD89F57F1}.Debug|x86.Build.0 = Debug|x86
		{A5A7BC0E-489A-49C8-8825-68BFD89F57F1}.Debug|x86.Deploy.0 = Debug|x86
		{A5A7BC0E-489A-49C8-8825-68BFD89F57F1}.Release|Any CPU.ActiveCfg = Release|x64
		{A5A7BC0E-489A-49C8-8825-68BFD89F57F1}.Release|Any CPU.Build.0 = Release|x64
		{A5A7BC0E-489A-49C8-8825-68BFD89F57F1}.Release|Any CPU.Deploy.0 = Release|x64
		{A5A7BC0E-489A-49C8-8825-68BFD89F57F1}.Release|ARM.ActiveCfg = Release|ARM
		{A5A7BC0E-489A-49C8-8825-68BFD89F57F1}.Release|ARM.Build.0 = Release|ARM
		{A5A7BC0E-489A-49C8-8825-68BFD89F57F1}.Release|ARM.Deploy.0 = Release|ARM
		{A5A7BC0E-489A-49C8-8825-68BFD89F57F1}.Release|iPhone.ActiveCfg = Release|x64
		{A5A7BC0E-489A-49C8-8825-68BFD89F57F1}.Release|iPhone.Build.0 = Release|x64
		{A5A7BC0E-489A-49C8-8825-68BFD89F57F1}.Release|iPhone.Deploy.0 = Release|x64
		{A5A7BC0E-489A-49C8-8825-68BFD89F57F1}.Release|iPhoneSimulator.ActiveCfg = Release|x64
		{A5A7BC0E-489A-49C8-8825-68BFD89F57F1}.Release|iPhoneSimulator.Build.0 = Release|x64
		{A5A7BC0E-489A-49C8-8825-68BFD89F57F1}.Release|iPhoneSimulator.Deploy.0 = Release|x64
		{A5A7BC0E-489A-49C8-8825-68BFD89F57F1}.Release|x64.ActiveCfg = Release|x64
		{A5A7BC0E-489A-49C8-8825-68BFD89F57F1}.Release|x64.Build.0 = Release|x64
		{A5A7BC0E-489A-49C8-8825-68BFD89F57F1}.Release|x64.Deploy.0 = Release|x64
		{A5A7BC0E-489A-49C8-8825-68BFD89F57F1}.Release|x86.ActiveCfg = Release|x86
		{A5A7BC0E-489A-49C8-8825-68BFD89F57F1}.Release|x86.Build.0 = Release|x86
		{A5A7BC0E-489A-49C8-8825-68BFD89F57F1}.Release|x86.Deploy.0 = Release|x86
		{9B3C8B37-FB9F-466B-915D-F5E87BCA0EA6}.Debug|Any CPU.ActiveCfg = Debug|Any CPU
		{9B3C8B37-FB9F-466B-915D-F5E87BCA0EA6}.Debug|Any CPU.Build.0 = Debug|Any CPU
		{9B3C8B37-FB9F-466B-915D-F5E87BCA0EA6}.Debug|Any CPU.Deploy.0 = Debug|Any CPU
		{9B3C8B37-FB9F-466B-915D-F5E87BCA0EA6}.Debug|ARM.ActiveCfg = Debug|Any CPU
		{9B3C8B37-FB9F-466B-915D-F5E87BCA0EA6}.Debug|ARM.Build.0 = Debug|Any CPU
		{9B3C8B37-FB9F-466B-915D-F5E87BCA0EA6}.Debug|ARM.Deploy.0 = Debug|Any CPU
		{9B3C8B37-FB9F-466B-915D-F5E87BCA0EA6}.Debug|iPhone.ActiveCfg = Debug|Any CPU
		{9B3C8B37-FB9F-466B-915D-F5E87BCA0EA6}.Debug|iPhone.Build.0 = Debug|Any CPU
		{9B3C8B37-FB9F-466B-915D-F5E87BCA0EA6}.Debug|iPhone.Deploy.0 = Debug|Any CPU
		{9B3C8B37-FB9F-466B-915D-F5E87BCA0EA6}.Debug|iPhoneSimulator.ActiveCfg = Debug|Any CPU
		{9B3C8B37-FB9F-466B-915D-F5E87BCA0EA6}.Debug|iPhoneSimulator.Build.0 = Debug|Any CPU
		{9B3C8B37-FB9F-466B-915D-F5E87BCA0EA6}.Debug|iPhoneSimulator.Deploy.0 = Debug|Any CPU
		{9B3C8B37-FB9F-466B-915D-F5E87BCA0EA6}.Debug|x64.ActiveCfg = Debug|Any CPU
		{9B3C8B37-FB9F-466B-915D-F5E87BCA0EA6}.Debug|x64.Build.0 = Debug|Any CPU
		{9B3C8B37-FB9F-466B-915D-F5E87BCA0EA6}.Debug|x64.Deploy.0 = Debug|Any CPU
		{9B3C8B37-FB9F-466B-915D-F5E87BCA0EA6}.Debug|x86.ActiveCfg = Debug|Any CPU
		{9B3C8B37-FB9F-466B-915D-F5E87BCA0EA6}.Debug|x86.Build.0 = Debug|Any CPU
		{9B3C8B37-FB9F-466B-915D-F5E87BCA0EA6}.Debug|x86.Deploy.0 = Debug|Any CPU
		{9B3C8B37-FB9F-466B-915D-F5E87BCA0EA6}.Release|Any CPU.ActiveCfg = Release|Any CPU
		{9B3C8B37-FB9F-466B-915D-F5E87BCA0EA6}.Release|Any CPU.Build.0 = Release|Any CPU
		{9B3C8B37-FB9F-466B-915D-F5E87BCA0EA6}.Release|Any CPU.Deploy.0 = Release|Any CPU
		{9B3C8B37-FB9F-466B-915D-F5E87BCA0EA6}.Release|ARM.ActiveCfg = Release|Any CPU
		{9B3C8B37-FB9F-466B-915D-F5E87BCA0EA6}.Release|ARM.Build.0 = Release|Any CPU
		{9B3C8B37-FB9F-466B-915D-F5E87BCA0EA6}.Release|ARM.Deploy.0 = Release|Any CPU
		{9B3C8B37-FB9F-466B-915D-F5E87BCA0EA6}.Release|iPhone.ActiveCfg = Release|Any CPU
		{9B3C8B37-FB9F-466B-915D-F5E87BCA0EA6}.Release|iPhone.Build.0 = Release|Any CPU
		{9B3C8B37-FB9F-466B-915D-F5E87BCA0EA6}.Release|iPhone.Deploy.0 = Release|Any CPU
		{9B3C8B37-FB9F-466B-915D-F5E87BCA0EA6}.Release|iPhoneSimulator.ActiveCfg = Release|Any CPU
		{9B3C8B37-FB9F-466B-915D-F5E87BCA0EA6}.Release|iPhoneSimulator.Build.0 = Release|Any CPU
		{9B3C8B37-FB9F-466B-915D-F5E87BCA0EA6}.Release|iPhoneSimulator.Deploy.0 = Release|Any CPU
		{9B3C8B37-FB9F-466B-915D-F5E87BCA0EA6}.Release|x64.ActiveCfg = Release|Any CPU
		{9B3C8B37-FB9F-466B-915D-F5E87BCA0EA6}.Release|x64.Build.0 = Release|Any CPU
		{9B3C8B37-FB9F-466B-915D-F5E87BCA0EA6}.Release|x64.Deploy.0 = Release|Any CPU
		{9B3C8B37-FB9F-466B-915D-F5E87BCA0EA6}.Release|x86.ActiveCfg = Release|Any CPU
		{9B3C8B37-FB9F-466B-915D-F5E87BCA0EA6}.Release|x86.Build.0 = Release|Any CPU
		{9B3C8B37-FB9F-466B-915D-F5E87BCA0EA6}.Release|x86.Deploy.0 = Release|Any CPU
		{99D36B85-3A52-454F-9278-E43369F2493F}.Debug|Any CPU.ActiveCfg = Debug|iPhoneSimulator
		{99D36B85-3A52-454F-9278-E43369F2493F}.Debug|Any CPU.Build.0 = Debug|iPhoneSimulator
		{99D36B85-3A52-454F-9278-E43369F2493F}.Debug|Any CPU.Deploy.0 = Debug|iPhoneSimulator
		{99D36B85-3A52-454F-9278-E43369F2493F}.Debug|ARM.ActiveCfg = Debug|iPhoneSimulator
		{99D36B85-3A52-454F-9278-E43369F2493F}.Debug|ARM.Build.0 = Debug|iPhoneSimulator
		{99D36B85-3A52-454F-9278-E43369F2493F}.Debug|ARM.Deploy.0 = Debug|iPhoneSimulator
		{99D36B85-3A52-454F-9278-E43369F2493F}.Debug|iPhone.ActiveCfg = Debug|iPhone
		{99D36B85-3A52-454F-9278-E43369F2493F}.Debug|iPhone.Build.0 = Debug|iPhone
		{99D36B85-3A52-454F-9278-E43369F2493F}.Debug|iPhone.Deploy.0 = Debug|iPhone
		{99D36B85-3A52-454F-9278-E43369F2493F}.Debug|iPhoneSimulator.ActiveCfg = Debug|iPhoneSimulator
		{99D36B85-3A52-454F-9278-E43369F2493F}.Debug|iPhoneSimulator.Build.0 = Debug|iPhoneSimulator
		{99D36B85-3A52-454F-9278-E43369F2493F}.Debug|iPhoneSimulator.Deploy.0 = Debug|iPhoneSimulator
		{99D36B85-3A52-454F-9278-E43369F2493F}.Debug|x64.ActiveCfg = Debug|iPhone
		{99D36B85-3A52-454F-9278-E43369F2493F}.Debug|x64.Build.0 = Debug|iPhone
		{99D36B85-3A52-454F-9278-E43369F2493F}.Debug|x64.Deploy.0 = Debug|iPhone
		{99D36B85-3A52-454F-9278-E43369F2493F}.Debug|x86.ActiveCfg = Debug|iPhoneSimulator
		{99D36B85-3A52-454F-9278-E43369F2493F}.Debug|x86.Build.0 = Debug|iPhoneSimulator
		{99D36B85-3A52-454F-9278-E43369F2493F}.Debug|x86.Deploy.0 = Debug|iPhoneSimulator
		{99D36B85-3A52-454F-9278-E43369F2493F}.Release|Any CPU.ActiveCfg = Release|iPhoneSimulator
		{99D36B85-3A52-454F-9278-E43369F2493F}.Release|Any CPU.Build.0 = Release|iPhoneSimulator
		{99D36B85-3A52-454F-9278-E43369F2493F}.Release|Any CPU.Deploy.0 = Release|iPhoneSimulator
		{99D36B85-3A52-454F-9278-E43369F2493F}.Release|ARM.ActiveCfg = Release|iPhoneSimulator
		{99D36B85-3A52-454F-9278-E43369F2493F}.Release|ARM.Build.0 = Release|iPhoneSimulator
		{99D36B85-3A52-454F-9278-E43369F2493F}.Release|ARM.Deploy.0 = Release|iPhoneSimulator
		{99D36B85-3A52-454F-9278-E43369F2493F}.Release|iPhone.ActiveCfg = Release|iPhone
		{99D36B85-3A52-454F-9278-E43369F2493F}.Release|iPhone.Build.0 = Release|iPhone
		{99D36B85-3A52-454F-9278-E43369F2493F}.Release|iPhone.Deploy.0 = Release|iPhone
		{99D36B85-3A52-454F-9278-E43369F2493F}.Release|iPhoneSimulator.ActiveCfg = Release|iPhoneSimulator
		{99D36B85-3A52-454F-9278-E43369F2493F}.Release|iPhoneSimulator.Build.0 = Release|iPhoneSimulator
		{99D36B85-3A52-454F-9278-E43369F2493F}.Release|iPhoneSimulator.Deploy.0 = Release|iPhoneSimulator
		{99D36B85-3A52-454F-9278-E43369F2493F}.Release|x64.ActiveCfg = Release|iPhoneSimulator
		{99D36B85-3A52-454F-9278-E43369F2493F}.Release|x64.Build.0 = Release|iPhoneSimulator
		{99D36B85-3A52-454F-9278-E43369F2493F}.Release|x64.Deploy.0 = Release|iPhoneSimulator
		{99D36B85-3A52-454F-9278-E43369F2493F}.Release|x86.ActiveCfg = Release|iPhoneSimulator
		{99D36B85-3A52-454F-9278-E43369F2493F}.Release|x86.Build.0 = Release|iPhoneSimulator
		{99D36B85-3A52-454F-9278-E43369F2493F}.Release|x86.Deploy.0 = Release|iPhoneSimulator
		{615A214E-CACC-41AC-8097-73096AD90B77}.Debug|Any CPU.ActiveCfg = Debug|Any CPU
		{615A214E-CACC-41AC-8097-73096AD90B77}.Debug|Any CPU.Build.0 = Debug|Any CPU
		{615A214E-CACC-41AC-8097-73096AD90B77}.Debug|Any CPU.Deploy.0 = Debug|Any CPU
		{615A214E-CACC-41AC-8097-73096AD90B77}.Debug|ARM.ActiveCfg = Debug|Any CPU
		{615A214E-CACC-41AC-8097-73096AD90B77}.Debug|ARM.Build.0 = Debug|Any CPU
		{615A214E-CACC-41AC-8097-73096AD90B77}.Debug|ARM.Deploy.0 = Debug|Any CPU
		{615A214E-CACC-41AC-8097-73096AD90B77}.Debug|iPhone.ActiveCfg = Debug|Any CPU
		{615A214E-CACC-41AC-8097-73096AD90B77}.Debug|iPhone.Build.0 = Debug|Any CPU
		{615A214E-CACC-41AC-8097-73096AD90B77}.Debug|iPhone.Deploy.0 = Debug|Any CPU
		{615A214E-CACC-41AC-8097-73096AD90B77}.Debug|iPhoneSimulator.ActiveCfg = Debug|Any CPU
		{615A214E-CACC-41AC-8097-73096AD90B77}.Debug|iPhoneSimulator.Build.0 = Debug|Any CPU
		{615A214E-CACC-41AC-8097-73096AD90B77}.Debug|iPhoneSimulator.Deploy.0 = Debug|Any CPU
		{615A214E-CACC-41AC-8097-73096AD90B77}.Debug|x64.ActiveCfg = Debug|Any CPU
		{615A214E-CACC-41AC-8097-73096AD90B77}.Debug|x64.Build.0 = Debug|Any CPU
		{615A214E-CACC-41AC-8097-73096AD90B77}.Debug|x64.Deploy.0 = Debug|Any CPU
		{615A214E-CACC-41AC-8097-73096AD90B77}.Debug|x86.ActiveCfg = Debug|Any CPU
		{615A214E-CACC-41AC-8097-73096AD90B77}.Debug|x86.Build.0 = Debug|Any CPU
		{615A214E-CACC-41AC-8097-73096AD90B77}.Debug|x86.Deploy.0 = Debug|Any CPU
		{615A214E-CACC-41AC-8097-73096AD90B77}.Release|Any CPU.ActiveCfg = Release|Any CPU
		{615A214E-CACC-41AC-8097-73096AD90B77}.Release|Any CPU.Build.0 = Release|Any CPU
		{615A214E-CACC-41AC-8097-73096AD90B77}.Release|Any CPU.Deploy.0 = Release|Any CPU
		{615A214E-CACC-41AC-8097-73096AD90B77}.Release|ARM.ActiveCfg = Release|Any CPU
		{615A214E-CACC-41AC-8097-73096AD90B77}.Release|ARM.Build.0 = Release|Any CPU
		{615A214E-CACC-41AC-8097-73096AD90B77}.Release|ARM.Deploy.0 = Release|Any CPU
		{615A214E-CACC-41AC-8097-73096AD90B77}.Release|iPhone.ActiveCfg = Release|Any CPU
		{615A214E-CACC-41AC-8097-73096AD90B77}.Release|iPhone.Build.0 = Release|Any CPU
		{615A214E-CACC-41AC-8097-73096AD90B77}.Release|iPhone.Deploy.0 = Release|Any CPU
		{615A214E-CACC-41AC-8097-73096AD90B77}.Release|iPhoneSimulator.ActiveCfg = Release|Any CPU
		{615A214E-CACC-41AC-8097-73096AD90B77}.Release|iPhoneSimulator.Build.0 = Release|Any CPU
		{615A214E-CACC-41AC-8097-73096AD90B77}.Release|iPhoneSimulator.Deploy.0 = Release|Any CPU
		{615A214E-CACC-41AC-8097-73096AD90B77}.Release|x64.ActiveCfg = Release|Any CPU
		{615A214E-CACC-41AC-8097-73096AD90B77}.Release|x64.Build.0 = Release|Any CPU
		{615A214E-CACC-41AC-8097-73096AD90B77}.Release|x64.Deploy.0 = Release|Any CPU
		{615A214E-CACC-41AC-8097-73096AD90B77}.Release|x86.ActiveCfg = Release|Any CPU
		{615A214E-CACC-41AC-8097-73096AD90B77}.Release|x86.Build.0 = Release|Any CPU
		{615A214E-CACC-41AC-8097-73096AD90B77}.Release|x86.Deploy.0 = Release|Any CPU
	EndGlobalSection
	GlobalSection(SolutionProperties) = preSolution
		HideSolutionNode = FALSE
	EndGlobalSection
	GlobalSection(ExtensibilityGlobals) = postSolution
		SolutionGuid = {38481D5A-73BC-4753-BF7F-7403C57F09FA}
	EndGlobalSection
EndGlobal
